lockfileVersion: '9.0'

settings:
  autoInstallPeers: true
  excludeLinksFromLockfile: false

importers:

  .:
    dependencies:
      bip32:
        specifier: ^5.0.0
        version: 5.0.0(typescript@5.9.3)
      bip39:
        specifier: ^3.1.0
        version: 3.1.0
      bitcoinjs-lib:
        specifier: ^7.0.0
        version: 7.0.0(typescript@5.9.3)
      ecpair:
        specifier: ^3.0.0
        version: 3.0.0(typescript@5.9.3)
      tiny-secp256k1:
        specifier: ^2.2.4
        version: 2.2.4
      ws:
        specifier: ^8.18.3
        version: 8.19.0
    devDependencies:
      '@types/node':
        specifier: ^22.19.1
        version: 22.19.3
      dotenv:
        specifier: ^17.2.3
        version: 17.2.3
      node-fetch:
        specifier: ^3.3.2
        version: 3.3.2
      typescript:
        specifier: ^5.7.3
        version: 5.9.3

packages:

  '@noble/hashes@1.8.0':
    resolution: {integrity: sha512-jCs9ldd7NwzpgXDIf6P3+NrHh9/sD6CQdxHyjQI+h/6rDNo88ypBxxz45UDuZHz9r3tNz7N/VInSVoVdtXEI4A==}
    engines: {node: ^14.21.3 || >=16}

  '@scure/base@1.2.6':
    resolution: {integrity: sha512-g/nm5FgUa//MCj1gV09zTJTaM6KBAHqLN907YVQqf7zC49+DcO4B1so4ZX07Ef10Twr6nuqYEH9GEggFXA4Fmg==}

  '@types/node@22.19.3':
    resolution: {integrity: sha512-1N9SBnWYOJTrNZCdh/yJE+t910Y128BoyY+zBLWhL3r0TYzlTmFdXrPwHL9DyFZmlEXNQQolTZh3KHV31QDhyA==}

  base-x@5.0.1:
    resolution: {integrity: sha512-M7uio8Zt++eg3jPj+rHMfCC+IuygQHHCOU+IYsVtik6FWjuYpVt/+MRKcgsAMHh8mMFAwnB+Bs+mTrFiXjMzKg==}

  bech32@2.0.0:
    resolution: {integrity: sha512-LcknSilhIGatDAsY1ak2I8VtGaHNhgMSYVxFrGLXv+xLHytaKZKcaUJJUE7qmBr7h33o5YQwP55pMI0xmkpJwg==}

  bip174@3.0.0:
    resolution: {integrity: sha512-N3vz3rqikLEu0d6yQL8GTrSkpYb35NQKWMR7Hlza0lOj6ZOlvQ3Xr7N9Y+JPebaCVoEUHdBeBSuLxcHr71r+Lw==}
    engines: {node: '>=18.0.0'}

  bip32@5.0.0:
    resolution: {integrity: sha512-h043yQ9n3iU4WZ8KLRpEECMl3j1yx2DQ1kcPlzWg8VZC0PtukbDiyLDKbe6Jm79mL6Tfg+WFuZMYxnzVyr/Hyw==}
    engines: {node: '>=18.0.0'}

  bip39@3.1.0:
    resolution: {integrity: sha512-c9kiwdk45Do5GL0vJMe7tS95VjCii65mYAH7DfWl3uW8AVzXKQVUm64i3hzVybBDMp9r7j9iNxR85+ul8MdN/A==}

  bitcoinjs-lib@7.0.0:
    resolution: {integrity: sha512-2W6dGXFd1KG3Bs90Bzb5+ViCeSKNIYkCUWZ4cvUzUgwnneiNNZ6Sk8twGNcjlesmxC0JyLc/958QycfpvXLg7A==}
    engines: {node: '>=18.0.0'}

  bs58@6.0.0:
    resolution: {integrity: sha512-PD0wEnEYg6ijszw/u8s+iI3H17cTymlrwkKhDhPZq+Sokl3AU4htyBFTjAeNAlCCmg0f53g6ih3jATyCKftTfw==}

  bs58check@4.0.0:
    resolution: {integrity: sha512-FsGDOnFg9aVI9erdriULkd/JjEWONV/lQE5aYziB5PoBsXRind56lh8doIZIc9X4HoxT5x4bLjMWN1/NB8Zp5g==}

  data-uri-to-buffer@4.0.1:
    resolution: {integrity: sha512-0R9ikRb668HB7QDxT1vkpuUBtqc53YyAwMwGeUFKRojY/NWKvdZ+9UYtRfGmhqNbRkTSVpMbmyhXipFFv2cb/A==}
    engines: {node: '>= 12'}

  dotenv@17.2.3:
    resolution: {integrity: sha512-JVUnt+DUIzu87TABbhPmNfVdBDt18BLOWjMUFJMSi/Qqg7NTYtabbvSNJGOJ7afbRuv9D/lngizHtP7QyLQ+9w==}
    engines: {node: '>=12'}

  ecpair@3.0.0:
    resolution: {integrity: sha512-kf4JxjsRQoD4EBzpYjGAcR0t9i/4oAeRPtyCpKvSwyotgkc6oA4E4M0/e+kep7cXe+mgxAvoeh/jdgH9h5+Wxw==}
    engines: {node: '>=20.0.0'}

  fetch-blob@3.2.0:
    resolution: {integrity: sha512-7yAQpD2UMJzLi1Dqv7qFYnPbaPx7ZfFK6PiIxQ4PfkGPyNyl2Ugx+a/umUonmKqjhM4DnfbMvdX6otXq83soQQ==}
    engines: {node: ^12.20 || >= 14.13}

  formdata-polyfill@4.0.10:
    resolution: {integrity: sha512-buewHzMvYL29jdeQTVILecSaZKnt/RJWjoZCF5OW60Z67/GmSLBkOFM7qh1PI3zFNtJbaZL5eQu1vLfazOwj4g==}
    engines: {node: '>=12.20.0'}

  node-domexception@1.0.0:
    resolution: {integrity: sha512-/jKZoMpw0F8GRwl4/eLROPA3cfcXtLApP0QzLmUT/HuPCZWyB7IY9ZrMeKw2O/nFIqPQB3PVM9aYm0F312AXDQ==}
    engines: {node: '>=10.5.0'}
    deprecated: Use your platform's native DOMException instead

  node-fetch@3.3.2:
    resolution: {integrity: sha512-dRB78srN/l6gqWulah9SrxeYnxeddIG30+GOqK/9OlLVyLg3HPnr6SqOWTWOXKRwC2eGYCkZ59NNuSgvSrpgOA==}
    engines: {node: ^12.20.0 || ^14.13.1 || >=16.0.0}

  tiny-secp256k1@2.2.4:
    resolution: {integrity: sha512-FoDTcToPqZE454Q04hH9o2EhxWsm7pOSpicyHkgTwKhdKWdsTUuqfP5MLq3g+VjAtl2vSx6JpXGdwA2qpYkI0Q==}
    engines: {node: '>=14.0.0'}

  typescript@5.9.3:
    resolution: {integrity: sha512-jl1vZzPDinLr9eUt3J/t7V6FgNEw9QjvBPdysz9KfQDD41fQrC2Y4vKQdiaUpFT4bXlb1RHhLpp8wtm6M5TgSw==}
    engines: {node: '>=14.17'}
    hasBin: true

  uint8array-tools@0.0.7:
    resolution: {integrity: sha512-vrrNZJiusLWoFWBqz5Y5KMCgP9W9hnjZHzZiZRT8oNAkq3d5Z5Oe76jAvVVSRh4U8GGR90N2X1dWtrhvx6L8UQ==}
    engines: {node: '>=14.0.0'}

  uint8array-tools@0.0.8:
    resolution: {integrity: sha512-xS6+s8e0Xbx++5/0L+yyexukU7pz//Yg6IHg3BKhXotg1JcYtgxVcUctQ0HxLByiJzpAkNFawz1Nz5Xadzo82g==}
    engines: {node: '>=14.0.0'}

  uint8array-tools@0.0.9:
    resolution: {integrity: sha512-9vqDWmoSXOoi+K14zNaf6LBV51Q8MayF0/IiQs3GlygIKUYtog603e6virExkjjFosfJUBI4LhbQK1iq8IG11A==}
    engines: {node: '>=14.0.0'}

  undici-types@6.21.0:
    resolution: {integrity: sha512-iwDZqg0QAGrg9Rav5H4n0M64c3mkR59cJ6wQp+7C4nI0gsmExaedaYLNO44eT4AtBBwjbTiGPMlt2Md0T9H9JQ==}

  valibot@0.37.0:
    resolution: {integrity: sha512-FQz52I8RXgFgOHym3XHYSREbNtkgSjF9prvMFH1nBsRyfL6SfCzoT1GuSDTlbsuPubM7/6Kbw0ZMQb8A+V+VsQ==}
    peerDependencies:
      typescript: '>=5'
    peerDependenciesMeta:
      typescript:
        optional: true

  valibot@0.38.0:
    resolution: {integrity: sha512-RCJa0fetnzp+h+KN9BdgYOgtsMAG9bfoJ9JSjIhFHobKWVWyzM3jjaeNTdpFK9tQtf3q1sguXeERJ/LcmdFE7w==}
    peerDependencies:
      typescript: '>=5'
    peerDependenciesMeta:
      typescript:
        optional: true

  varuint-bitcoin@2.0.0:
    resolution: {integrity: sha512-6QZbU/rHO2ZQYpWFDALCDSRsXbAs1VOEmXAxtbtjLtKuMJ/FQ8YbhfxlaiKv5nklci0M6lZtlZyxo9Q+qNnyog==}

  web-streams-polyfill@3.3.3:
    resolution: {integrity: sha512-d2JWLCivmZYTSIoge9MsgFCZrt571BikcWGYkjC1khllbTeDlGqZ2D8vD8E/lJa8WGWbb7Plm8/XJYV7IJHZZw==}
    engines: {node: '>= 8'}

  wif@5.0.0:
    resolution: {integrity: sha512-iFzrC/9ne740qFbNjTZ2FciSRJlHIXoxqk/Y5EnE08QOXu1WjJyCCswwDTYbohAOEnlCtLaAAQBhyaLRFh2hMA==}

  ws@8.19.0:
    resolution: {integrity: sha512-blAT2mjOEIi0ZzruJfIhb3nps74PRWTCz1IjglWEEpQl5XS/UNama6u2/rjFkDDouqr4L67ry+1aGIALViWjDg==}
    engines: {node: '>=10.0.0'}
    peerDependencies:
      bufferutil: ^4.0.1
      utf-8-validate: '>=5.0.2'
    peerDependenciesMeta:
      bufferutil:
        optional: true
      utf-8-validate:
        optional: true

snapshots:

  '@noble/hashes@1.8.0': {}

  '@scure/base@1.2.6': {}

  '@types/node@22.19.3':
    dependencies:
      undici-types: 6.21.0

  base-x@5.0.1: {}

  bech32@2.0.0: {}

  bip174@3.0.0:
    dependencies:
      uint8array-tools: 0.0.9
      varuint-bitcoin: 2.0.0

  bip32@5.0.0(typescript@5.9.3):
    dependencies:
      '@noble/hashes': 1.8.0
      '@scure/base': 1.2.6
      uint8array-tools: 0.0.8
      valibot: 0.37.0(typescript@5.9.3)
      wif: 5.0.0
    transitivePeerDependencies:
      - typescript

  bip39@3.1.0:
    dependencies:
      '@noble/hashes': 1.8.0

  bitcoinjs-lib@7.0.0(typescript@5.9.3):
    dependencies:
      '@noble/hashes': 1.8.0
      bech32: 2.0.0
      bip174: 3.0.0
      bs58check: 4.0.0
      uint8array-tools: 0.0.9
      valibot: 0.38.0(typescript@5.9.3)
      varuint-bitcoin: 2.0.0
    transitivePeerDependencies:
      - typescript

  bs58@6.0.0:
    dependencies:
      base-x: 5.0.1

  bs58check@4.0.0:
    dependencies:
      '@noble/hashes': 1.8.0
      bs58: 6.0.0

  data-uri-to-buffer@4.0.1: {}

  dotenv@17.2.3: {}

  ecpair@3.0.0(typescript@5.9.3):
    dependencies:
      uint8array-tools: 0.0.8
      valibot: 0.37.0(typescript@5.9.3)
      wif: 5.0.0
    transitivePeerDependencies:
      - typescript

  fetch-blob@3.2.0:
    dependencies:
      node-domexception: 1.0.0
      web-streams-polyfill: 3.3.3

  formdata-polyfill@4.0.10:
    dependencies:
      fetch-blob: 3.2.0

  node-domexception@1.0.0: {}

  node-fetch@3.3.2:
    dependencies:
      data-uri-to-buffer: 4.0.1
      fetch-blob: 3.2.0
      formdata-polyfill: 4.0.10

  tiny-secp256k1@2.2.4:
    dependencies:
      uint8array-tools: 0.0.7

  typescript@5.9.3: {}

  uint8array-tools@0.0.7: {}

  uint8array-tools@0.0.8: {}

  uint8array-tools@0.0.9: {}

  undici-types@6.21.0: {}

  valibot@0.37.0(typescript@5.9.3):
    optionalDependencies:
      typescript: 5.9.3

  valibot@0.38.0(typescript@5.9.3):
    optionalDependencies:
      typescript: 5.9.3

  varuint-bitcoin@2.0.0:
    dependencies:
      uint8array-tools: 0.0.8

  web-streams-polyfill@3.3.3: {}

  wif@5.0.0:
    dependencies:
      bs58check: 4.0.0

  ws@8.19.0: {}
